// !$*UTF8*$!
{
	archiveVersion = 1;
	classes = {
	};
	objectVersion = 46;
	objects = {

/* Begin PBXBuildFile section */
		A18698DE1C37AEF900B01FA7 /* AppDelegate.swift in Sources */ = {isa = PBXBuildFile; fileRef = A18698DD1C37AEF900B01FA7 /* AppDelegate.swift */; };
		A18698E31C37AEF900B01FA7 /* Main.storyboard in Resources */ = {isa = PBXBuildFile; fileRef = A18698E11C37AEF900B01FA7 /* Main.storyboard */; };
		A18698E51C37AEF900B01FA7 /* Assets.xcassets in Resources */ = {isa = PBXBuildFile; fileRef = A18698E41C37AEF900B01FA7 /* Assets.xcassets */; };
		A18698E81C37AEF900B01FA7 /* LaunchScreen.storyboard in Resources */ = {isa = PBXBuildFile; fileRef = A18698E61C37AEF900B01FA7 /* LaunchScreen.storyboard */; };
		A18698F31C37AEF900B01FA7 /* TableViewStoryTests.swift in Sources */ = {isa = PBXBuildFile; fileRef = A18698F21C37AEF900B01FA7 /* TableViewStoryTests.swift */; };
		A18698FE1C37AEF900B01FA7 /* TableViewStoryUITests.swift in Sources */ = {isa = PBXBuildFile; fileRef = A18698FD1C37AEF900B01FA7 /* TableViewStoryUITests.swift */; };
		A186990C1C37B1FC00B01FA7 /* AttractionTableViewController.swift in Sources */ = {isa = PBXBuildFile; fileRef = A186990B1C37B1FC00B01FA7 /* AttractionTableViewController.swift */; };
		A186990E1C37B24A00B01FA7 /* AttractionTableViewCell.swift in Sources */ = {isa = PBXBuildFile; fileRef = A186990D1C37B24A00B01FA7 /* AttractionTableViewCell.swift */; };
/* End PBXBuildFile section */

/* Begin PBXContainerItemProxy section */
		A18698EF1C37AEF900B01FA7 /* PBXContainerItemProxy */ = {
			isa = PBXContainerItemProxy;
			containerPortal = A18698D21C37AEF900B01FA7 /* Project object */;
			proxyType = 1;
			remoteGlobalIDString = A18698D91C37AEF900B01FA7;
			remoteInfo = TableViewStory;
		};
		A18698FA1C37AEF900B01FA7 /* PBXContainerItemProxy */ = {
			isa = PBXContainerItemProxy;
			containerPortal = A18698D21C37AEF900B01FA7 /* Project object */;
			proxyType = 1;
			remoteGlobalIDString = A18698D91C37AEF900B01FA7;
			remoteInfo = TableViewStory;
		};
/* End PBXContainerItemProxy section */

/* Begin PBXFileReference section */
		A18698DA1C37AEF900B01FA7 /* TableViewStory.app */ = {isa = PBXFileReference; explicitFileType = wrapper.application; includeInIndex = 0; path = TableViewStory.app; sourceTree = BUILT_PRODUCTS_DIR; };
		A18698DD1C37AEF900B01FA7 /* AppDelegate.swift */ = {isa = PBXFileReference; lastKnownFileType = sourcecode.swift; path = AppDelegate.swift; sourceTree = "<group>"; };
		A18698E21C37AEF900B01FA7 /* Base */ = {isa = PBXFileReference; lastKnownFileType = file.storyboard; name = Base; path = Base.lproj/Main.storyboard; sourceTree = "<group>"; };
		A18698E41C37AEF900B01FA7 /* Assets.xcassets */ = {isa = PBXFileReference; lastKnownFileType = folder.assetcatalog; path = Assets.xcassets; sourceTree = "<group>"; };
		A18698E71C37AEF900B01FA7 /* Base */ = {isa = PBXFileReference; lastKnownFileType = file.storyboard; name = Base; path = Base.lproj/LaunchScreen.storyboard; sourceTree = "<group>"; };
		A18698E91C37AEF900B01FA7 /* Info.plist */ = {isa = PBXFileReference; lastKnownFileType = text.plist.xml; path = Info.plist; sourceTree = "<group>"; };
		A18698EE1C37AEF900B01FA7 /* TableViewStoryTests.xctest */ = {isa = PBXFileReference; explicitFileType = wrapper.cfbundle; includeInIndex = 0; path = TableViewStoryTests.xctest; sourceTree = BUILT_PRODUCTS_DIR; };
		A18698F21C37AEF900B01FA7 /* TableViewStoryTests.swift */ = {isa = PBXFileReference; lastKnownFileType = sourcecode.swift; path = TableViewStoryTests.swift; sourceTree = "<group>"; };
		A18698F41C37AEF900B01FA7 /* Info.plist */ = {isa = PBXFileReference; lastKnownFileType = text.plist.xml; path = Info.plist; sourceTree = "<group>"; };
		A18698F91C37AEF900B01FA7 /* TableViewStoryUITests.xctest */ = {isa = PBXFileReference; explicitFileType = wrapper.cfbundle; includeInIndex = 0; path = TableViewStoryUITests.xctest; sourceTree = BUILT_PRODUCTS_DIR; };
		A18698FD1C37AEF900B01FA7 /* TableViewStoryUITests.swift */ = {isa = PBXFileReference; lastKnownFileType = sourcecode.swift; path = TableViewStoryUITests.swift; sourceTree = "<group>"; };
		A18698FF1C37AEF900B01FA7 /* Info.plist */ = {isa = PBXFileReference; lastKnownFileType = text.plist.xml; path = Info.plist; sourceTree = "<group>"; };
		A186990B1C37B1FC00B01FA7 /* AttractionTableViewController.swift */ = {isa = PBXFileReference; fileEncoding = 4; lastKnownFileType = sourcecode.swift; path = AttractionTableViewController.swift; sourceTree = "<group>"; };
		A186990D1C37B24A00B01FA7 /* AttractionTableViewCell.swift */ = {isa = PBXFileReference; fileEncoding = 4; lastKnownFileType = sourcecode.swift; path = AttractionTableViewCell.swift; sourceTree = "<group>"; };
/* End PBXFileReference section */

/* Begin PBXFrameworksBuildPhase section */
		A18698D71C37AEF900B01FA7 /* Frameworks */ = {
			isa = PBXFrameworksBuildPhase;
			buildActionMask = 2147483647;
			files = (
			);
			runOnlyForDeploymentPostprocessing = 0;
		};
		A18698EB1C37AEF900B01FA7 /* Frameworks */ = {
			isa = PBXFrameworksBuildPhase;
			buildActionMask = 2147483647;
			files = (
			);
			runOnlyForDeploymentPostprocessing = 0;
		};
		A18698F61C37AEF900B01FA7 /* Frameworks */ = {
			isa = PBXFrameworksBuildPhase;
			buildActionMask = 2147483647;
			files = (
			);
			runOnlyForDeploymentPostprocessing = 0;
		};
/* End PBXFrameworksBuildPhase section */

/* Begin PBXGroup section */
		A18698D11C37AEF900B01FA7 = {
			isa = PBXGroup;
			children = (
				A186990B1C37B1FC00B01FA7 /* AttractionTableViewController.swift */,
				A186990D1C37B24A00B01FA7 /* AttractionTableViewCell.swift */,
				A18698DC1C37AEF900B01FA7 /* TableViewStory */,
				A18698F11C37AEF900B01FA7 /* TableViewStoryTests */,
				A18698FC1C37AEF900B01FA7 /* TableViewStoryUITests */,
				A18698DB1C37AEF900B01FA7 /* Products */,
			);
			sourceTree = "<group>";
		};
		A18698DB1C37AEF900B01FA7 /* Products */ = {
			isa = PBXGroup;
			children = (
				A18698DA1C37AEF900B01FA7 /* TableViewStory.app */,
				A18698EE1C37AEF900B01FA7 /* TableViewStoryTests.xctest */,
				A18698F91C37AEF900B01FA7 /* TableViewStoryUITests.xctest */,
			);
			name = Products;
			sourceTree = "<group>";
		};
		A18698DC1C37AEF900B01FA7 /* TableViewStory */ = {
			isa = PBXGroup;
			children = (
				A18698DD1C37AEF900B01FA7 /* AppDelegate.swift */,
				A18698E11C37AEF900B01FA7 /* Main.storyboard */,
				A18698E41C37AEF900B01FA7 /* Assets.xcassets */,
				A18698E61C37AEF900B01FA7 /* LaunchScreen.storyboard */,
				A18698E91C37AEF900B01FA7 /* Info.plist */,
			);
			path = TableViewStory;
			sourceTree = "<group>";
		};
		A18698F11C37AEF900B01FA7 /* TableViewStoryTests */ = {
			isa = PBXGroup;
			children = (
				A18698F21C37AEF900B01FA7 /* TableViewStoryTests.swift */,
				A18698F41C37AEF900B01FA7 /* Info.plist */,
			);
			path = TableViewStoryTests;
			sourceTree = "<group>";
		};
		A18698FC1C37AEF900B01FA7 /* TableViewStoryUITests */ = {
			isa = PBXGroup;
			children = (
				A18698FD1C37AEF900B01FA7 /* TableViewStoryUITests.swift */,
				A18698FF1C37AEF900B01FA7 /* Info.plist */,
			);
			path = TableViewStoryUITests;
			sourceTree = "<group>";
		};
/* End PBXGroup section */

/* Begin PBXNativeTarget section */
		A18698D91C37AEF900B01FA7 /* TableViewStory */ = {
			isa = PBXNativeTarget;
			buildConfigurationList = A18699021C37AEF900B01FA7 /* Build configuration list for PBXNativeTarget "TableViewStory" */;
			buildPhases = (
				A18698D61C37AEF900B01FA7 /* Sources */,
				A18698D71C37AEF900B01FA7 /* Frameworks */,
				A18698D81C37AEF900B01FA7 /* Resources */,
			);
			buildRules = (
			);
			dependencies = (
			);
			name = TableViewStory;
			productName = TableViewStory;
			productReference = A18698DA1C37AEF900B01FA7 /* TableViewStory.app */;
			productType = "com.apple.product-type.application";
		};
		A18698ED1C37AEF900B01FA7 /* TableViewStoryTests */ = {
			isa = PBXNativeTarget;
			buildConfigurationList = A18699051C37AEF900B01FA7 /* Build configuration list for PBXNativeTarget "TableViewStoryTests" */;
			buildPhases = (
				A18698EA1C37AEF900B01FA7 /* Sources */,
				A18698EB1C37AEF900B01FA7 /* Frameworks */,
				A18698EC1C37AEF900B01FA7 /* Resources */,
			);
			buildRules = (
			);
			dependencies = (
				A18698F01C37AEF900B01FA7 /* PBXTargetDependency */,
			);
			name = TableViewStoryTests;
			productName = TableViewStoryTests;
			productReference = A18698EE1C37AEF900B01FA7 /* TableViewStoryTests.xctest */;
			productType = "com.apple.product-type.bundle.unit-test";
		};
		A18698F81C37AEF900B01FA7 /* TableViewStoryUITests */ = {
			isa = PBXNativeTarget;
			buildConfigurationList = A18699081C37AEF900B01FA7 /* Build configuration list for PBXNativeTarget "TableViewStoryUITests" */;
			buildPhases = (
				A18698F51C37AEF900B01FA7 /* Sources */,
				A18698F61C37AEF900B01FA7 /* Frameworks */,
				A18698F71C37AEF900B01FA7 /* Resources */,
			);
			buildRules = (
			);
			dependencies = (
				A18698FB1C37AEF900B01FA7 /* PBXTargetDependency */,
			);
			name = TableViewStoryUITests;
			productName = TableViewStoryUITests;
			productReference = A18698F91C37AEF900B01FA7 /* TableViewStoryUITests.xctest */;
			productType = "com.apple.product-type.bundle.ui-testing";
		};
/* End PBXNativeTarget section */

/* Begin PBXProject section */
		A18698D21C37AEF900B01FA7 /* Project object */ = {
			isa = PBXProject;
			attributes = {
				LastSwiftUpdateCheck = 0710;
				LastUpgradeCheck = 0710;
				ORGANIZATIONNAME = "曾志纲";
				TargetAttributes = {
					A18698D91C37AEF900B01FA7 = {
						CreatedOnToolsVersion = 7.1.1;
					};
					A18698ED1C37AEF900B01FA7 = {
						CreatedOnToolsVersion = 7.1.1;
						TestTargetID = A18698D91C37AEF900B01FA7;
					};
					A18698F81C37AEF900B01FA7 = {
						CreatedOnToolsVersion = 7.1.1;
						TestTargetID = A18698D91C37AEF900B01FA7;
					};
				};
			};
			buildConfigurationList = A18698D51C37AEF900B01FA7 /* Build configuration list for PBXProject "TableViewStory" */;
			compatibilityVersion = "Xcode 3.2";
			developmentRegion = English;
			hasScannedForEncodings = 0;
			knownRegions = (
				en,
				Base,
			);
			mainGroup = A18698D11C37AEF900B01FA7;
			productRefGroup = A18698DB1C37AEF900B01FA7 /* Products */;
			projectDirPath = "";
			projectRoot = "";
			targets = (
				A18698D91C37AEF900B01FA7 /* TableViewStory */,
				A18698ED1C37AEF900B01FA7 /* TableViewStoryTests */,
				A18698F81C37AEF900B01FA7 /* TableViewStoryUITests */,
			);
		};
/* End PBXProject section */

/* Begin PBXResourcesBuildPhase section */
		A18698D81C37AEF900B01FA7 /* Resources */ = {
			isa = PBXResourcesBuildPhase;
			buildActionMask = 2147483647;
			files = (
				A18698E81C37AEF900B01FA7 /* LaunchScreen.storyboard in Resources */,
				A18698E51C37AEF900B01FA7 /* Assets.xcassets in Resources */,
				A18698E31C37AEF900B01FA7 /* Main.storyboard in Resources */,
			);
			runOnlyForDeploymentPostprocessing = 0;
		};
		A18698EC1C37AEF900B01FA7 /* Resources */ = {
			isa = PBXResourcesBuildPhase;
			buildActionMask = 2147483647;
			files = (
			);
			runOnlyForDeploymentPostprocessing = 0;
		};
		A18698F71C37AEF900B01FA7 /* Resources */ = {
			isa = PBXResourcesBuildPhase;
			buildActionMask = 2147483647;
			files = (
			);
			runOnlyForDeploymentPostprocessing = 0;
		};
/* End PBXResourcesBuildPhase section */

/* Begin PBXSourcesBuildPhase section */
		A18698D61C37AEF900B01FA7 /* Sources */ = {
			isa = PBXSourcesBuildPhase;
			buildActionMask = 2147483647;
			files = (
				A18698DE1C37AEF900B01FA7 /* AppDelegate.swift in Sources */,
				A186990E1C37B24A00B01FA7 /* AttractionTableViewCell.swift in Sources */,
				A186990C1C37B1FC00B01FA7 /* AttractionTableViewController.swift in Sources */,
			);
			runOnlyForDeploymentPostprocessing = 0;
		};
		A18698EA1C37AEF900B01FA7 /* Sources */ = {
			isa = PBXSourcesBuildPhase;
			buildActionMask = 2147483647;
			files = (
				A18698F31C37AEF900B01FA7 /* TableViewStoryTests.swift in Sources */,
			);
			runOnlyForDeploymentPostprocessing = 0;
		};
		A18698F51C37AEF900B01FA7 /* Sources */ = {
			isa = PBXSourcesBuildPhase;
			buildActionMask = 2147483647;
			files = (
				A18698FE1C37AEF900B01FA7 /* TableViewStoryUITests.swift in Sources */,
			);
			runOnlyForDeploymentPostprocessing = 0;
		};
/* End PBXSourcesBuildPhase section */

/* Begin PBXTargetDependency section */
		A18698F01C37AEF900B01FA7 /* PBXTargetDependency */ = {
			isa = PBXTargetDependency;
			target = A18698D91C37AEF900B01FA7 /* TableViewStory */;
			targetProxy = A18698EF1C37AEF900B01FA7 /* PBXContainerItemProxy */;
		};
		A18698FB1C37AEF900B01FA7 /* PBXTargetDependency */ = {
			isa = PBXTargetDependency;
			target = A18698D91C37AEF900B01FA7 /* TableViewStory */;
			targetProxy = A18698FA1C37AEF900B01FA7 /* PBXContainerItemProxy */;
		};
/* End PBXTargetDependency section */

/* Begin PBXVariantGroup section */
		A18698E11C37AEF900B01FA7 /* Main.storyboard */ = {
			isa = PBXVariantGroup;
			children = (
				A18698E21C37AEF900B01FA7 /* Base */,
			);
			name = Main.storyboard;
			sourceTree = "<group>";
		};
		A18698E61C37AEF900B01FA7 /* LaunchScreen.storyboard */ = {
			isa = PBXVariantGroup;
			children = (
				A18698E71C37AEF900B01FA7 /* Base */,
			);
			name = LaunchScreen.storyboard;
			sourceTree = "<group>";
		};
/* End PBXVariantGroup section */

/* Begin XCBuildConfiguration section */
		A18699001C37AEF900B01FA7 /* Debug */ = {
			isa = XCBuildConfiguration;
			buildSettings = {
				ALWAYS_SEARCH_USER_PATHS = NO;
				CLANG_CXX_LANGUAGE_STANDARD = "gnu++0x";
				CLANG_CXX_LIBRARY = "libc++";
				CLANG_ENABLE_MODULES = YES;
				CLANG_ENABLE_OBJC_ARC = YES;
				CLANG_WARN_BOOL_CONVERSION = YES;
				CLANG_WARN_CONSTANT_CONVERSION = YES;
				CLANG_WARN_DIRECT_OBJC_ISA_USAGE = YES_ERROR;
				CLANG_WARN_EMPTY_BODY = YES;
				CLANG_WARN_ENUM_CONVERSION = YES;
				CLANG_WARN_INT_CONVERSION = YES;
				CLANG_WARN_OBJC_ROOT_CLASS = YES_ERROR;
				CLANG_WARN_UNREACHABLE_CODE = YES;
				CLANG_WARN__DUPLICATE_METHOD_MATCH = YES;
				"CODE_SIGN_IDENTITY[sdk=iphoneos*]" = "iPhone Developer";
				COPY_PHASE_STRIP = NO;
				DEBUG_INFORMATION_FORMAT = dwarf;
				ENABLE_STRICT_OBJC_MSGSEND = YES;
				ENABLE_TESTABILITY = YES;
				GCC_C_LANGUAGE_STANDARD = gnu99;
				GCC_DYNAMIC_NO_PIC = NO;
				GCC_NO_COMMON_BLOCKS = YES;
				GCC_OPTIMIZATION_LEVEL = 0;
				GCC_PREPROCESSOR_DEFINITIONS = (
					"DEBUG=1",
					"$(inherited)",
				);
				GCC_WARN_64_TO_32_BIT_CONVERSION = YES;
				GCC_WARN_ABOUT_RETURN_TYPE = YES_ERROR;
				GCC_WARN_UNDECLARED_SELECTOR = YES;
				GCC_WARN_UNINITIALIZED_AUTOS = YES_AGGRESSIVE;
				GCC_WARN_UNUSED_FUNCTION = YES;
				GCC_WARN_UNUSED_VARIABLE = YES;
				IPHONEOS_DEPLOYMENT_TARGET = 9.1;
				MTL_ENABLE_DEBUG_INFO = YES;
				ONLY_ACTIVE_ARCH = YES;
				SDKROOT = iphoneos;
				SWIFT_OPTIMIZATION_LEVEL = "-Onone";
				TARGETED_DEVICE_FAMILY = "1,2";
			};
			name = Debug;
		};
		A18699011C37AEF900B01FA7 /* Release */ = {
			isa = XCBuildConfiguration;
			buildSettings = {
				ALWAYS_SEARCH_USER_PATHS = NO;
				CLANG_CXX_LANGUAGE_STANDARD = "gnu++0x";
				CLANG_CXX_LIBRARY = "libc++";
				CLANG_ENABLE_MODULES = YES;
				CLANG_ENABLE_OBJC_ARC = YES;
				CLANG_WARN_BOOL_CONVERSION = YES;
				CLANG_WARN_CONSTANT_CONVERSION = YES;
				CLANG_WARN_DIRECT_OBJC_ISA_USAGE = YES_ERROR;
				CLANG_WARN_EMPTY_BODY = YES;
				CLANG_WARN_ENUM_CONVERSION = YES;
				CLANG_WARN_INT_CONVERSION = YES;
				CLANG_WARN_OBJC_ROOT_CLASS = YES_ERROR;
				CLANG_WARN_UNREACHABLE_CODE = YES;
				CLANG_WARN__DUPLICATE_METHOD_MATCH = YES;
				"CODE_SIGN_IDENTITY[sdk=iphoneos*]" = "iPhone Developer";
				COPY_PHASE_STRIP = NO;
				DEBUG_INFORMATION_FORMAT = "dwarf-with-dsym";
				ENABLE_NS_ASSERTIONS = NO;
				ENABLE_STRICT_OBJC_MSGSEND = YES;
				GCC_C_LANGUAGE_STANDARD = gnu99;
				GCC_NO_COMMON_BLOCKS = YES;
				GCC_WARN_64_TO_32_BIT_CONVERSION = YES;
				GCC_WARN_ABOUT_RETURN_TYPE = YES_ERROR;
				GCC_WARN_UNDECLARED_SELECTOR = YES;
				GCC_WARN_UNINITIALIZED_AUTOS = YES_AGGRESSIVE;
				GCC_WARN_UNUSED_FUNCTION = YES;
				GCC_WARN_UNUSED_VARIABLE = YES;
				IPHONEOS_DEPLOYMENT_TARGET = 9.1;
				MTL_ENABLE_DEBUG_INFO = NO;
				SDKROOT = iphoneos;
				TARGETED_DEVICE_FAMILY = "1,2";
				VALIDATE_PRODUCT = YES;
			};
			name = Release;
		};
		A18699031C37AEF900B01FA7 /* Debug */ = {
			isa = XCBuildConfiguration;
			buildSettings = {
				ASSETCATALOG_COMPILER_APPICON_NAME = AppIcon;
				INFOPLIST_FILE = TableViewStory/Info.plist;
				LD_RUNPATH_SEARCH_PATHS = "$(inherited) @executable_path/Frameworks";
				PRODUCT_BUNDLE_IDENTIFIER = foxconn.TableViewStory;
				PRODUCT_NAME = "$(TARGET_NAME)";
			};
			name = Debug;
		};
		A18699041C37AEF900B01FA7 /* Release */ = {
			isa = XCBuildConfiguration;
			buildSettings = {
				ASSETCATALOG_COMPILER_APPICON_NAME = AppIcon;
				INFOPLIST_FILE = TableViewStory/Info.plist;
				LD_RUNPATH_SEARCH_PATHS = "$(inherited) @executable_path/Frameworks";
				PRODUCT_BUNDLE_IDENTIFIER = foxconn.TableViewStory;
				PRODUCT_NAME = "$(TARGET_NAME)";
			};
			name = Release;
		};
		A18699061C37AEF900B01FA7 /* Debug */ = {
			isa = XCBuildConfiguration;
			buildSettings = {
				BUNDLE_LOADER = "$(TEST_HOST)";
				INFOPLIST_FILE = TableViewStoryTests/Info.plist;
				LD_RUNPATH_SEARCH_PATHS = "$(inherited) @executable_path/Frameworks @loader_path/Frameworks";
				PRODUCT_BUNDLE_IDENTIFIER = foxconn.TableViewStoryTests;
				PRODUCT_NAME = "$(TARGET_NAME)";
				TEST_HOST = "$(BUILT_PRODUCTS_DIR)/TableViewStory.app/TableViewStory";
			};
			name = Debug;
		};
		A18699071C37AEF900B01FA7 /* Release */ = {
			isa = XCBuildConfiguration;
			buildSettings = {
				BUNDLE_LOADER = "$(TEST_HOST)";
				INFOPLIST_FILE = TableViewStoryTests/Info.plist;
				LD_RUNPATH_SEARCH_PATHS = "$(inherited) @executable_path/Frameworks @loader_path/Frameworks";
				PRODUCT_BUNDLE_IDENTIFIER = foxconn.TableViewStoryTests;
				PRODUCT_NAME = "$(TARGET_NAME)";
				TEST_HOST = "$(BUILT_PRODUCTS_DIR)/TableViewStory.app/TableViewStory";
			};
			name = Release;
		};
		A18699091C37AEF900B01FA7 /* Debug */ = {
			isa = XCBuildConfiguration;
			buildSettings = {
				INFOPLIST_FILE = TableViewStoryUITests/Info.plist;
				LD_RUNPATH_SEARCH_PATHS = "$(inherited) @executable_path/Frameworks @loader_path/Frameworks";
				PRODUCT_BUNDLE_IDENTIFIER = foxconn.TableViewStoryUITests;
				PRODUCT_NAME = "$(TARGET_NAME)";
				TEST_TARGET_NAME = TableViewStory;
				USES_XCTRUNNER = YES;
			};
			name = Debug;
		};
		A186990A1C37AEF900B01FA7 /* Release */ = {
			isa = XCBuildConfiguration;
			buildSettings = {
				INFOPLIST_FILE = TableViewStoryUITests/Info.plist;
				LD_RUNPATH_SEARCH_PATHS = "$(inherited) @executable_path/Frameworks @loader_path/Frameworks";
				PRODUCT_BUNDLE_IDENTIFIER = foxconn.TableViewStoryUITests;
				PRODUCT_NAME = "$(TARGET_NAME)";
				TEST_TARGET_NAME = TableViewStory;
				USES_XCTRUNNER = YES;
			};
			name = Release;
		};
/* End XCBuildConfiguration section */

/* Begin XCConfigurationList section */
		A18698D51C37AEF900B01FA7 /* Build configuration list for PBXProject "TableViewStory" */ = {
			isa = XCConfigurationList;
			buildConfigurations = (
				A18699001C37AEF900B01FA7 /* Debug */,
				A18699011C37AEF900B01FA7 /* Release */,
			);
			defaultConfigurationIsVisible = 0;
			defaultConfigurationName = Release;
		};
		A18699021C37AEF900B01FA7 /* Build configuration list for PBXNativeTarget "TableViewStory" */ = {
			isa = XCConfigurationList;
			buildConfigurations = (
				A18699031C37AEF900B01FA7 /* Debug */,
				A18699041C37AEF900B01FA7 /* Release */,
			);
			defaultConfigurationIsVisible = 0;
		};
		A18699051C37AEF900B01FA7 /* Build configuration list for PBXNativeTarget "TableViewStoryTests" */ = {
			isa = XCConfigurationList;
			buildConfigurations = (
				A18699061C37AEF900B01FA7 /* Debug */,
				A18699071C37AEF900B01FA7 /* Release */,
			);
			defaultConfigurationIsVisible = 0;
		};
		A18699081C37AEF900B01FA7 /* Build configuration list for PBXNativeTarget "TableViewStoryUITests" */ = {
			isa = XCConfigurationList;
			buildConfigurations = (
				A18699091C37AEF900B01FA7 /* Debug */,
				A186990A1C37AEF900B01FA7 /* Release */,
			);
			defaultConfigurationIsVisible = 0;
		};
/* End XCConfigurationList section */
	};
	rootObject = A18698D21C37AEF900B01FA7 /* Project object */;
}
