// !$*UTF8*$!
{
	archiveVersion = 1;
	classes = {
	};
	objectVersion = 46;
	objects = {

/* Begin PBXBuildFile section */
		A1D384BC1C1EF64100A3ED94 /* AppDelegate.swift in Sources */ = {isa = PBXBuildFile; fileRef = A1D384BB1C1EF64100A3ED94 /* AppDelegate.swift */; };
		A1D384BE1C1EF64100A3ED94 /* ViewController.swift in Sources */ = {isa = PBXBuildFile; fileRef = A1D384BD1C1EF64100A3ED94 /* ViewController.swift */; };
		A1D384C11C1EF64100A3ED94 /* Main.storyboard in Resources */ = {isa = PBXBuildFile; fileRef = A1D384BF1C1EF64100A3ED94 /* Main.storyboard */; };
		A1D384C31C1EF64100A3ED94 /* Assets.xcassets in Resources */ = {isa = PBXBuildFile; fileRef = A1D384C21C1EF64100A3ED94 /* Assets.xcassets */; };
		A1D384C61C1EF64100A3ED94 /* LaunchScreen.storyboard in Resources */ = {isa = PBXBuildFile; fileRef = A1D384C41C1EF64100A3ED94 /* LaunchScreen.storyboard */; };
		A1D384D11C1EF64100A3ED94 /* VisualFormatLanguageConstraintTests.swift in Sources */ = {isa = PBXBuildFile; fileRef = A1D384D01C1EF64100A3ED94 /* VisualFormatLanguageConstraintTests.swift */; };
		A1D384DC1C1EF64200A3ED94 /* VisualFormatLanguageConstraintUITests.swift in Sources */ = {isa = PBXBuildFile; fileRef = A1D384DB1C1EF64200A3ED94 /* VisualFormatLanguageConstraintUITests.swift */; };
/* End PBXBuildFile section */

/* Begin PBXContainerItemProxy section */
		A1D384CD1C1EF64100A3ED94 /* PBXContainerItemProxy */ = {
			isa = PBXContainerItemProxy;
			containerPortal = A1D384B01C1EF64100A3ED94 /* Project object */;
			proxyType = 1;
			remoteGlobalIDString = A1D384B71C1EF64100A3ED94;
			remoteInfo = VisualFormatLanguageConstraint;
		};
		A1D384D81C1EF64200A3ED94 /* PBXContainerItemProxy */ = {
			isa = PBXContainerItemProxy;
			containerPortal = A1D384B01C1EF64100A3ED94 /* Project object */;
			proxyType = 1;
			remoteGlobalIDString = A1D384B71C1EF64100A3ED94;
			remoteInfo = VisualFormatLanguageConstraint;
		};
/* End PBXContainerItemProxy section */

/* Begin PBXFileReference section */
		A1D384B81C1EF64100A3ED94 /* VisualFormatLanguageConstraint.app */ = {isa = PBXFileReference; explicitFileType = wrapper.application; includeInIndex = 0; path = VisualFormatLanguageConstraint.app; sourceTree = BUILT_PRODUCTS_DIR; };
		A1D384BB1C1EF64100A3ED94 /* AppDelegate.swift */ = {isa = PBXFileReference; lastKnownFileType = sourcecode.swift; path = AppDelegate.swift; sourceTree = "<group>"; };
		A1D384BD1C1EF64100A3ED94 /* ViewController.swift */ = {isa = PBXFileReference; lastKnownFileType = sourcecode.swift; path = ViewController.swift; sourceTree = "<group>"; };
		A1D384C01C1EF64100A3ED94 /* Base */ = {isa = PBXFileReference; lastKnownFileType = file.storyboard; name = Base; path = Base.lproj/Main.storyboard; sourceTree = "<group>"; };
		A1D384C21C1EF64100A3ED94 /* Assets.xcassets */ = {isa = PBXFileReference; lastKnownFileType = folder.assetcatalog; path = Assets.xcassets; sourceTree = "<group>"; };
		A1D384C51C1EF64100A3ED94 /* Base */ = {isa = PBXFileReference; lastKnownFileType = file.storyboard; name = Base; path = Base.lproj/LaunchScreen.storyboard; sourceTree = "<group>"; };
		A1D384C71C1EF64100A3ED94 /* Info.plist */ = {isa = PBXFileReference; lastKnownFileType = text.plist.xml; path = Info.plist; sourceTree = "<group>"; };
		A1D384CC1C1EF64100A3ED94 /* VisualFormatLanguageConstraintTests.xctest */ = {isa = PBXFileReference; explicitFileType = wrapper.cfbundle; includeInIndex = 0; path = VisualFormatLanguageConstraintTests.xctest; sourceTree = BUILT_PRODUCTS_DIR; };
		A1D384D01C1EF64100A3ED94 /* VisualFormatLanguageConstraintTests.swift */ = {isa = PBXFileReference; lastKnownFileType = sourcecode.swift; path = VisualFormatLanguageConstraintTests.swift; sourceTree = "<group>"; };
		A1D384D21C1EF64100A3ED94 /* Info.plist */ = {isa = PBXFileReference; lastKnownFileType = text.plist.xml; path = Info.plist; sourceTree = "<group>"; };
		A1D384D71C1EF64200A3ED94 /* VisualFormatLanguageConstraintUITests.xctest */ = {isa = PBXFileReference; explicitFileType = wrapper.cfbundle; includeInIndex = 0; path = VisualFormatLanguageConstraintUITests.xctest; sourceTree = BUILT_PRODUCTS_DIR; };
		A1D384DB1C1EF64200A3ED94 /* VisualFormatLanguageConstraintUITests.swift */ = {isa = PBXFileReference; lastKnownFileType = sourcecode.swift; path = VisualFormatLanguageConstraintUITests.swift; sourceTree = "<group>"; };
		A1D384DD1C1EF64200A3ED94 /* Info.plist */ = {isa = PBXFileReference; lastKnownFileType = text.plist.xml; path = Info.plist; sourceTree = "<group>"; };
/* End PBXFileReference section */

/* Begin PBXFrameworksBuildPhase section */
		A1D384B51C1EF64100A3ED94 /* Frameworks */ = {
			isa = PBXFrameworksBuildPhase;
			buildActionMask = 2147483647;
			files = (
			);
			runOnlyForDeploymentPostprocessing = 0;
		};
		A1D384C91C1EF64100A3ED94 /* Frameworks */ = {
			isa = PBXFrameworksBuildPhase;
			buildActionMask = 2147483647;
			files = (
			);
			runOnlyForDeploymentPostprocessing = 0;
		};
		A1D384D41C1EF64200A3ED94 /* Frameworks */ = {
			isa = PBXFrameworksBuildPhase;
			buildActionMask = 2147483647;
			files = (
			);
			runOnlyForDeploymentPostprocessing = 0;
		};
/* End PBXFrameworksBuildPhase section */

/* Begin PBXGroup section */
		A1D384AF1C1EF64100A3ED94 = {
			isa = PBXGroup;
			children = (
				A1D384BA1C1EF64100A3ED94 /* VisualFormatLanguageConstraint */,
				A1D384CF1C1EF64100A3ED94 /* VisualFormatLanguageConstraintTests */,
				A1D384DA1C1EF64200A3ED94 /* VisualFormatLanguageConstraintUITests */,
				A1D384B91C1EF64100A3ED94 /* Products */,
			);
			sourceTree = "<group>";
		};
		A1D384B91C1EF64100A3ED94 /* Products */ = {
			isa = PBXGroup;
			children = (
				A1D384B81C1EF64100A3ED94 /* VisualFormatLanguageConstraint.app */,
				A1D384CC1C1EF64100A3ED94 /* VisualFormatLanguageConstraintTests.xctest */,
				A1D384D71C1EF64200A3ED94 /* VisualFormatLanguageConstraintUITests.xctest */,
			);
			name = Products;
			sourceTree = "<group>";
		};
		A1D384BA1C1EF64100A3ED94 /* VisualFormatLanguageConstraint */ = {
			isa = PBXGroup;
			children = (
				A1D384BB1C1EF64100A3ED94 /* AppDelegate.swift */,
				A1D384BD1C1EF64100A3ED94 /* ViewController.swift */,
				A1D384BF1C1EF64100A3ED94 /* Main.storyboard */,
				A1D384C21C1EF64100A3ED94 /* Assets.xcassets */,
				A1D384C41C1EF64100A3ED94 /* LaunchScreen.storyboard */,
				A1D384C71C1EF64100A3ED94 /* Info.plist */,
			);
			path = VisualFormatLanguageConstraint;
			sourceTree = "<group>";
		};
		A1D384CF1C1EF64100A3ED94 /* VisualFormatLanguageConstraintTests */ = {
			isa = PBXGroup;
			children = (
				A1D384D01C1EF64100A3ED94 /* VisualFormatLanguageConstraintTests.swift */,
				A1D384D21C1EF64100A3ED94 /* Info.plist */,
			);
			path = VisualFormatLanguageConstraintTests;
			sourceTree = "<group>";
		};
		A1D384DA1C1EF64200A3ED94 /* VisualFormatLanguageConstraintUITests */ = {
			isa = PBXGroup;
			children = (
				A1D384DB1C1EF64200A3ED94 /* VisualFormatLanguageConstraintUITests.swift */,
				A1D384DD1C1EF64200A3ED94 /* Info.plist */,
			);
			path = VisualFormatLanguageConstraintUITests;
			sourceTree = "<group>";
		};
/* End PBXGroup section */

/* Begin PBXNativeTarget section */
		A1D384B71C1EF64100A3ED94 /* VisualFormatLanguageConstraint */ = {
			isa = PBXNativeTarget;
			buildConfigurationList = A1D384E01C1EF64200A3ED94 /* Build configuration list for PBXNativeTarget "VisualFormatLanguageConstraint" */;
			buildPhases = (
				A1D384B41C1EF64100A3ED94 /* Sources */,
				A1D384B51C1EF64100A3ED94 /* Frameworks */,
				A1D384B61C1EF64100A3ED94 /* Resources */,
			);
			buildRules = (
			);
			dependencies = (
			);
			name = VisualFormatLanguageConstraint;
			productName = VisualFormatLanguageConstraint;
			productReference = A1D384B81C1EF64100A3ED94 /* VisualFormatLanguageConstraint.app */;
			productType = "com.apple.product-type.application";
		};
		A1D384CB1C1EF64100A3ED94 /* VisualFormatLanguageConstraintTests */ = {
			isa = PBXNativeTarget;
			buildConfigurationList = A1D384E31C1EF64200A3ED94 /* Build configuration list for PBXNativeTarget "VisualFormatLanguageConstraintTests" */;
			buildPhases = (
				A1D384C81C1EF64100A3ED94 /* Sources */,
				A1D384C91C1EF64100A3ED94 /* Frameworks */,
				A1D384CA1C1EF64100A3ED94 /* Resources */,
			);
			buildRules = (
			);
			dependencies = (
				A1D384CE1C1EF64100A3ED94 /* PBXTargetDependency */,
			);
			name = VisualFormatLanguageConstraintTests;
			productName = VisualFormatLanguageConstraintTests;
			productReference = A1D384CC1C1EF64100A3ED94 /* VisualFormatLanguageConstraintTests.xctest */;
			productType = "com.apple.product-type.bundle.unit-test";
		};
		A1D384D61C1EF64200A3ED94 /* VisualFormatLanguageConstraintUITests */ = {
			isa = PBXNativeTarget;
			buildConfigurationList = A1D384E61C1EF64200A3ED94 /* Build configuration list for PBXNativeTarget "VisualFormatLanguageConstraintUITests" */;
			buildPhases = (
				A1D384D31C1EF64200A3ED94 /* Sources */,
				A1D384D41C1EF64200A3ED94 /* Frameworks */,
				A1D384D51C1EF64200A3ED94 /* Resources */,
			);
			buildRules = (
			);
			dependencies = (
				A1D384D91C1EF64200A3ED94 /* PBXTargetDependency */,
			);
			name = VisualFormatLanguageConstraintUITests;
			productName = VisualFormatLanguageConstraintUITests;
			productReference = A1D384D71C1EF64200A3ED94 /* VisualFormatLanguageConstraintUITests.xctest */;
			productType = "com.apple.product-type.bundle.ui-testing";
		};
/* End PBXNativeTarget section */

/* Begin PBXProject section */
		A1D384B01C1EF64100A3ED94 /* Project object */ = {
			isa = PBXProject;
			attributes = {
				LastSwiftUpdateCheck = 0710;
				LastUpgradeCheck = 0710;
				ORGANIZATIONNAME = "曾志纲";
				TargetAttributes = {
					A1D384B71C1EF64100A3ED94 = {
						CreatedOnToolsVersion = 7.1.1;
					};
					A1D384CB1C1EF64100A3ED94 = {
						CreatedOnToolsVersion = 7.1.1;
						TestTargetID = A1D384B71C1EF64100A3ED94;
					};
					A1D384D61C1EF64200A3ED94 = {
						CreatedOnToolsVersion = 7.1.1;
						TestTargetID = A1D384B71C1EF64100A3ED94;
					};
				};
			};
			buildConfigurationList = A1D384B31C1EF64100A3ED94 /* Build configuration list for PBXProject "VisualFormatLanguageConstraint" */;
			compatibilityVersion = "Xcode 3.2";
			developmentRegion = English;
			hasScannedForEncodings = 0;
			knownRegions = (
				en,
				Base,
			);
			mainGroup = A1D384AF1C1EF64100A3ED94;
			productRefGroup = A1D384B91C1EF64100A3ED94 /* Products */;
			projectDirPath = "";
			projectRoot = "";
			targets = (
				A1D384B71C1EF64100A3ED94 /* VisualFormatLanguageConstraint */,
				A1D384CB1C1EF64100A3ED94 /* VisualFormatLanguageConstraintTests */,
				A1D384D61C1EF64200A3ED94 /* VisualFormatLanguageConstraintUITests */,
			);
		};
/* End PBXProject section */

/* Begin PBXResourcesBuildPhase section */
		A1D384B61C1EF64100A3ED94 /* Resources */ = {
			isa = PBXResourcesBuildPhase;
			buildActionMask = 2147483647;
			files = (
				A1D384C61C1EF64100A3ED94 /* LaunchScreen.storyboard in Resources */,
				A1D384C31C1EF64100A3ED94 /* Assets.xcassets in Resources */,
				A1D384C11C1EF64100A3ED94 /* Main.storyboard in Resources */,
			);
			runOnlyForDeploymentPostprocessing = 0;
		};
		A1D384CA1C1EF64100A3ED94 /* Resources */ = {
			isa = PBXResourcesBuildPhase;
			buildActionMask = 2147483647;
			files = (
			);
			runOnlyForDeploymentPostprocessing = 0;
		};
		A1D384D51C1EF64200A3ED94 /* Resources */ = {
			isa = PBXResourcesBuildPhase;
			buildActionMask = 2147483647;
			files = (
			);
			runOnlyForDeploymentPostprocessing = 0;
		};
/* End PBXResourcesBuildPhase section */

/* Begin PBXSourcesBuildPhase section */
		A1D384B41C1EF64100A3ED94 /* Sources */ = {
			isa = PBXSourcesBuildPhase;
			buildActionMask = 2147483647;
			files = (
				A1D384BE1C1EF64100A3ED94 /* ViewController.swift in Sources */,
				A1D384BC1C1EF64100A3ED94 /* AppDelegate.swift in Sources */,
			);
			runOnlyForDeploymentPostprocessing = 0;
		};
		A1D384C81C1EF64100A3ED94 /* Sources */ = {
			isa = PBXSourcesBuildPhase;
			buildActionMask = 2147483647;
			files = (
				A1D384D11C1EF64100A3ED94 /* VisualFormatLanguageConstraintTests.swift in Sources */,
			);
			runOnlyForDeploymentPostprocessing = 0;
		};
		A1D384D31C1EF64200A3ED94 /* Sources */ = {
			isa = PBXSourcesBuildPhase;
			buildActionMask = 2147483647;
			files = (
				A1D384DC1C1EF64200A3ED94 /* VisualFormatLanguageConstraintUITests.swift in Sources */,
			);
			runOnlyForDeploymentPostprocessing = 0;
		};
/* End PBXSourcesBuildPhase section */

/* Begin PBXTargetDependency section */
		A1D384CE1C1EF64100A3ED94 /* PBXTargetDependency */ = {
			isa = PBXTargetDependency;
			target = A1D384B71C1EF64100A3ED94 /* VisualFormatLanguageConstraint */;
			targetProxy = A1D384CD1C1EF64100A3ED94 /* PBXContainerItemProxy */;
		};
		A1D384D91C1EF64200A3ED94 /* PBXTargetDependency */ = {
			isa = PBXTargetDependency;
			target = A1D384B71C1EF64100A3ED94 /* VisualFormatLanguageConstraint */;
			targetProxy = A1D384D81C1EF64200A3ED94 /* PBXContainerItemProxy */;
		};
/* End PBXTargetDependency section */

/* Begin PBXVariantGroup section */
		A1D384BF1C1EF64100A3ED94 /* Main.storyboard */ = {
			isa = PBXVariantGroup;
			children = (
				A1D384C01C1EF64100A3ED94 /* Base */,
			);
			name = Main.storyboard;
			sourceTree = "<group>";
		};
		A1D384C41C1EF64100A3ED94 /* LaunchScreen.storyboard */ = {
			isa = PBXVariantGroup;
			children = (
				A1D384C51C1EF64100A3ED94 /* Base */,
			);
			name = LaunchScreen.storyboard;
			sourceTree = "<group>";
		};
/* End PBXVariantGroup section */

/* Begin XCBuildConfiguration section */
		A1D384DE1C1EF64200A3ED94 /* Debug */ = {
			isa = XCBuildConfiguration;
			buildSettings = {
				ALWAYS_SEARCH_USER_PATHS = NO;
				CLANG_CXX_LANGUAGE_STANDARD = "gnu++0x";
				CLANG_CXX_LIBRARY = "libc++";
				CLANG_ENABLE_MODULES = YES;
				CLANG_ENABLE_OBJC_ARC = YES;
				CLANG_WARN_BOOL_CONVERSION = YES;
				CLANG_WARN_CONSTANT_CONVERSION = YES;
				CLANG_WARN_DIRECT_OBJC_ISA_USAGE = YES_ERROR;
				CLANG_WARN_EMPTY_BODY = YES;
				CLANG_WARN_ENUM_CONVERSION = YES;
				CLANG_WARN_INT_CONVERSION = YES;
				CLANG_WARN_OBJC_ROOT_CLASS = YES_ERROR;
				CLANG_WARN_UNREACHABLE_CODE = YES;
				CLANG_WARN__DUPLICATE_METHOD_MATCH = YES;
				"CODE_SIGN_IDENTITY[sdk=iphoneos*]" = "iPhone Developer";
				COPY_PHASE_STRIP = NO;
				DEBUG_INFORMATION_FORMAT = dwarf;
				ENABLE_STRICT_OBJC_MSGSEND = YES;
				ENABLE_TESTABILITY = YES;
				GCC_C_LANGUAGE_STANDARD = gnu99;
				GCC_DYNAMIC_NO_PIC = NO;
				GCC_NO_COMMON_BLOCKS = YES;
				GCC_OPTIMIZATION_LEVEL = 0;
				GCC_PREPROCESSOR_DEFINITIONS = (
					"DEBUG=1",
					"$(inherited)",
				);
				GCC_WARN_64_TO_32_BIT_CONVERSION = YES;
				GCC_WARN_ABOUT_RETURN_TYPE = YES_ERROR;
				GCC_WARN_UNDECLARED_SELECTOR = YES;
				GCC_WARN_UNINITIALIZED_AUTOS = YES_AGGRESSIVE;
				GCC_WARN_UNUSED_FUNCTION = YES;
				GCC_WARN_UNUSED_VARIABLE = YES;
				IPHONEOS_DEPLOYMENT_TARGET = 9.1;
				MTL_ENABLE_DEBUG_INFO = YES;
				ONLY_ACTIVE_ARCH = YES;
				SDKROOT = iphoneos;
				SWIFT_OPTIMIZATION_LEVEL = "-Onone";
				TARGETED_DEVICE_FAMILY = "1,2";
			};
			name = Debug;
		};
		A1D384DF1C1EF64200A3ED94 /* Release */ = {
			isa = XCBuildConfiguration;
			buildSettings = {
				ALWAYS_SEARCH_USER_PATHS = NO;
				CLANG_CXX_LANGUAGE_STANDARD = "gnu++0x";
				CLANG_CXX_LIBRARY = "libc++";
				CLANG_ENABLE_MODULES = YES;
				CLANG_ENABLE_OBJC_ARC = YES;
				CLANG_WARN_BOOL_CONVERSION = YES;
				CLANG_WARN_CONSTANT_CONVERSION = YES;
				CLANG_WARN_DIRECT_OBJC_ISA_USAGE = YES_ERROR;
				CLANG_WARN_EMPTY_BODY = YES;
				CLANG_WARN_ENUM_CONVERSION = YES;
				CLANG_WARN_INT_CONVERSION = YES;
				CLANG_WARN_OBJC_ROOT_CLASS = YES_ERROR;
				CLANG_WARN_UNREACHABLE_CODE = YES;
				CLANG_WARN__DUPLICATE_METHOD_MATCH = YES;
				"CODE_SIGN_IDENTITY[sdk=iphoneos*]" = "iPhone Developer";
				COPY_PHASE_STRIP = NO;
				DEBUG_INFORMATION_FORMAT = "dwarf-with-dsym";
				ENABLE_NS_ASSERTIONS = NO;
				ENABLE_STRICT_OBJC_MSGSEND = YES;
				GCC_C_LANGUAGE_STANDARD = gnu99;
				GCC_NO_COMMON_BLOCKS = YES;
				GCC_WARN_64_TO_32_BIT_CONVERSION = YES;
				GCC_WARN_ABOUT_RETURN_TYPE = YES_ERROR;
				GCC_WARN_UNDECLARED_SELECTOR = YES;
				GCC_WARN_UNINITIALIZED_AUTOS = YES_AGGRESSIVE;
				GCC_WARN_UNUSED_FUNCTION = YES;
				GCC_WARN_UNUSED_VARIABLE = YES;
				IPHONEOS_DEPLOYMENT_TARGET = 9.1;
				MTL_ENABLE_DEBUG_INFO = NO;
				SDKROOT = iphoneos;
				TARGETED_DEVICE_FAMILY = "1,2";
				VALIDATE_PRODUCT = YES;
			};
			name = Release;
		};
		A1D384E11C1EF64200A3ED94 /* Debug */ = {
			isa = XCBuildConfiguration;
			buildSettings = {
				ASSETCATALOG_COMPILER_APPICON_NAME = AppIcon;
				INFOPLIST_FILE = VisualFormatLanguageConstraint/Info.plist;
				LD_RUNPATH_SEARCH_PATHS = "$(inherited) @executable_path/Frameworks";
				PRODUCT_BUNDLE_IDENTIFIER = foxconn.VisualFormatLanguageConstraint;
				PRODUCT_NAME = "$(TARGET_NAME)";
			};
			name = Debug;
		};
		A1D384E21C1EF64200A3ED94 /* Release */ = {
			isa = XCBuildConfiguration;
			buildSettings = {
				ASSETCATALOG_COMPILER_APPICON_NAME = AppIcon;
				INFOPLIST_FILE = VisualFormatLanguageConstraint/Info.plist;
				LD_RUNPATH_SEARCH_PATHS = "$(inherited) @executable_path/Frameworks";
				PRODUCT_BUNDLE_IDENTIFIER = foxconn.VisualFormatLanguageConstraint;
				PRODUCT_NAME = "$(TARGET_NAME)";
			};
			name = Release;
		};
		A1D384E41C1EF64200A3ED94 /* Debug */ = {
			isa = XCBuildConfiguration;
			buildSettings = {
				BUNDLE_LOADER = "$(TEST_HOST)";
				INFOPLIST_FILE = VisualFormatLanguageConstraintTests/Info.plist;
				LD_RUNPATH_SEARCH_PATHS = "$(inherited) @executable_path/Frameworks @loader_path/Frameworks";
				PRODUCT_BUNDLE_IDENTIFIER = foxconn.VisualFormatLanguageConstraintTests;
				PRODUCT_NAME = "$(TARGET_NAME)";
				TEST_HOST = "$(BUILT_PRODUCTS_DIR)/VisualFormatLanguageConstraint.app/VisualFormatLanguageConstraint";
			};
			name = Debug;
		};
		A1D384E51C1EF64200A3ED94 /* Release */ = {
			isa = XCBuildConfiguration;
			buildSettings = {
				BUNDLE_LOADER = "$(TEST_HOST)";
				INFOPLIST_FILE = VisualFormatLanguageConstraintTests/Info.plist;
				LD_RUNPATH_SEARCH_PATHS = "$(inherited) @executable_path/Frameworks @loader_path/Frameworks";
				PRODUCT_BUNDLE_IDENTIFIER = foxconn.VisualFormatLanguageConstraintTests;
				PRODUCT_NAME = "$(TARGET_NAME)";
				TEST_HOST = "$(BUILT_PRODUCTS_DIR)/VisualFormatLanguageConstraint.app/VisualFormatLanguageConstraint";
			};
			name = Release;
		};
		A1D384E71C1EF64200A3ED94 /* Debug */ = {
			isa = XCBuildConfiguration;
			buildSettings = {
				INFOPLIST_FILE = VisualFormatLanguageConstraintUITests/Info.plist;
				LD_RUNPATH_SEARCH_PATHS = "$(inherited) @executable_path/Frameworks @loader_path/Frameworks";
				PRODUCT_BUNDLE_IDENTIFIER = foxconn.VisualFormatLanguageConstraintUITests;
				PRODUCT_NAME = "$(TARGET_NAME)";
				TEST_TARGET_NAME = VisualFormatLanguageConstraint;
				USES_XCTRUNNER = YES;
			};
			name = Debug;
		};
		A1D384E81C1EF64200A3ED94 /* Release */ = {
			isa = XCBuildConfiguration;
			buildSettings = {
				INFOPLIST_FILE = VisualFormatLanguageConstraintUITests/Info.plist;
				LD_RUNPATH_SEARCH_PATHS = "$(inherited) @executable_path/Frameworks @loader_path/Frameworks";
				PRODUCT_BUNDLE_IDENTIFIER = foxconn.VisualFormatLanguageConstraintUITests;
				PRODUCT_NAME = "$(TARGET_NAME)";
				TEST_TARGET_NAME = VisualFormatLanguageConstraint;
				USES_XCTRUNNER = YES;
			};
			name = Release;
		};
/* End XCBuildConfiguration section */

/* Begin XCConfigurationList section */
		A1D384B31C1EF64100A3ED94 /* Build configuration list for PBXProject "VisualFormatLanguageConstraint" */ = {
			isa = XCConfigurationList;
			buildConfigurations = (
				A1D384DE1C1EF64200A3ED94 /* Debug */,
				A1D384DF1C1EF64200A3ED94 /* Release */,
			);
			defaultConfigurationIsVisible = 0;
			defaultConfigurationName = Release;
		};
		A1D384E01C1EF64200A3ED94 /* Build configuration list for PBXNativeTarget "VisualFormatLanguageConstraint" */ = {
			isa = XCConfigurationList;
			buildConfigurations = (
				A1D384E11C1EF64200A3ED94 /* Debug */,
				A1D384E21C1EF64200A3ED94 /* Release */,
			);
			defaultConfigurationIsVisible = 0;
		};
		A1D384E31C1EF64200A3ED94 /* Build configuration list for PBXNativeTarget "VisualFormatLanguageConstraintTests" */ = {
			isa = XCConfigurationList;
			buildConfigurations = (
				A1D384E41C1EF64200A3ED94 /* Debug */,
				A1D384E51C1EF64200A3ED94 /* Release */,
			);
			defaultConfigurationIsVisible = 0;
		};
		A1D384E61C1EF64200A3ED94 /* Build configuration list for PBXNativeTarget "VisualFormatLanguageConstraintUITests" */ = {
			isa = XCConfigurationList;
			buildConfigurations = (
				A1D384E71C1EF64200A3ED94 /* Debug */,
				A1D384E81C1EF64200A3ED94 /* Release */,
			);
			defaultConfigurationIsVisible = 0;
		};
/* End XCConfigurationList section */
	};
	rootObject = A1D384B01C1EF64100A3ED94 /* Project object */;
}
